PODS:
  - HexColors (2.3.0)
  - MJCalendar (0.3.0):
    - NSDate-Escort (~> 1.5)
    - UIView+JMFrame
  - NSDate-Escort (1.7.0)
  - UIView+JMFrame (0.1.2)

DEPENDENCIES:
  - HexColors (~> 2.3)
  - MJCalendar (from `../`)

EXTERNAL SOURCES:
  MJCalendar:
    :path: ../

SPEC CHECKSUMS:
  HexColors: 6ad3947c3447a055a3aa8efa859def096351fe5f
  MJCalendar: fded170474124dc14ae81868f7ffc69bc5438b6f
  NSDate-Escort: 3469fefab423c094108c2e864416b61b6ac0edbc
  UIView+JMFrame: a907974c9d34b1c300aef85ae2a1a5af746f2b8a

PODFILE CHECKSUM: 4a8b5d26398ddbd90a4263c73faf04b15b5e7d20

COCOAPODS: 1.1.1
