PODS:
  - FBSnapshotTestCase (2.0.7):
    - FBSnapshotTestCase/SwiftSupport (= 2.0.7)
  - FBSnapshotTestCase/Core (2.0.7)
  - FBSnapshotTestCase/SwiftSupport (2.0.7):
    - FBSnapshotTestCase/Core
  - HexColors (2.3.0)
  - MJCalendar (0.1.0):
    - NSDate-Escort (~> 1.5)
    - UIView+JMFrame
  - Nimble (3.0.0)
  - Nimble-Snapshots (3.0.0):
    - FBSnapshotTestCase (~> 2.0.7)
    - Nimble
    - Quick
  - NSDate-Escort (1.6.0)
  - Quick (0.8.0)
  - UIView+JMFrame (0.1.2)

DEPENDENCIES:
  - FBSnapshotTestCase
  - HexColors (~> 2.3)
  - MJCalendar (from `../`)
  - Nimble
  - Nimble-Snapshots
  - Quick

EXTERNAL SOURCES:
  MJCalendar:
    :path: ../

SPEC CHECKSUMS:
  FBSnapshotTestCase: 7e85180d0d141a0cf472352edda7e80d7eaeb547
  HexColors: 6ad3947c3447a055a3aa8efa859def096351fe5f
  MJCalendar: 4f4ff7f1c3c2928521d60f7b6a3ea265c6e42afd
  Nimble: 4c353d43735b38b545cbb4cb91504588eb5de926
  Nimble-Snapshots: ab41dd737dcd33a0b0cb005a30465fef70b7207a
  NSDate-Escort: 4408eb8c3f146a271686e7e428b269e27b3d1265
  Quick: 563d0f6ec5f72e394645adb377708639b7dd38ab
  UIView+JMFrame: a907974c9d34b1c300aef85ae2a1a5af746f2b8a

COCOAPODS: 0.38.2
